<Solution><Project Path="Cocoar.Reflectensions.ExpandableObject/Cocoar.Reflectensions.ExpandableObject.csproj" />
  <Project Path="Cocoar.Reflectensions.Invoke/Cocoar.Reflectensions.Invoke.csproj" />
  <Project Path="Cocoar.Reflectensions.Tests/Cocoar.Reflectensions.Tests.csproj" />
  <Project Path="Cocoar.Reflectensions/Cocoar.Reflectensions.csproj" />
</Solution>
